
Microsoft Visual Studio Solution File, Format Version 12.00
# Visual Studio Version 17
VisualStudioVersion = 17.9.34714.143
MinimumVisualStudioVersion = 10.0.40219.1
Project("{FAE04EC0-301F-11D3-BF4B-00C04F79EFBC}") = "TutorManagementSystem", "TutorManagementSystem.csproj", "{C81058AA-87BD-43BF-A2AF-D418EC89BC9E}"
EndProject
Global
	GlobalSection(SolutionConfigurationPlatforms) = preSolution
		Debug|Any CPU = Debug|Any CPU
		Release|Any CPU = Release|Any CPU
	EndGlobalSection
	GlobalSection(ProjectConfigurationPlatforms) = postSolution
		{C81058AA-87BD-43BF-A2AF-D418EC89BC9E}.Debug|Any CPU.ActiveCfg = Debug|Any CPU
		{C81058AA-87BD-43BF-A2AF-D418EC89BC9E}.Debug|Any CPU.Build.0 = Debug|Any CPU
		{C81058AA-87BD-43BF-A2AF-D418EC89BC9E}.Release|Any CPU.ActiveCfg = Release|Any CPU
		{C81058AA-87BD-43BF-A2AF-D418EC89BC9E}.Release|Any CPU.Build.0 = Release|Any CPU
	EndGlobalSection
	GlobalSection(SolutionProperties) = preSolution
		HideSolutionNode = FALSE
	EndGlobalSection
	GlobalSection(ExtensibilityGlobals) = postSolution
		SolutionGuid = {517594AA-0F31-41CC-882E-E7B984062B81}
	EndGlobalSection
EndGlobal
